
Microsoft Visual Studio Solution File, Format Version 12.00
# Visual Studio Version 16
VisualStudioVersion = 16.0.29609.76
MinimumVisualStudioVersion = 10.0.40219.1
Project("{9092AA53-FB77-4645-B42D-1CCCA6BD08BD}") = "ivan88217-node-cache", "ivan88217-node-cache\ivan88217-node-cache.njsproj", "{371768C8-FB3D-449B-AB26-10DFC7AE869B}"
EndProject
Global
	GlobalSection(SolutionConfigurationPlatforms) = preSolution
		Debug|Any CPU = Debug|Any CPU
		Release|Any CPU = Release|Any CPU
	EndGlobalSection
	GlobalSection(ProjectConfigurationPlatforms) = postSolution
		{371768C8-FB3D-449B-AB26-10DFC7AE869B}.Debug|Any CPU.ActiveCfg = Debug|Any CPU
		{371768C8-FB3D-449B-AB26-10DFC7AE869B}.Debug|Any CPU.Build.0 = Debug|Any CPU
		{371768C8-FB3D-449B-AB26-10DFC7AE869B}.Release|Any CPU.ActiveCfg = Release|Any CPU
		{371768C8-FB3D-449B-AB26-10DFC7AE869B}.Release|Any CPU.Build.0 = Release|Any CPU
	EndGlobalSection
	GlobalSection(SolutionProperties) = preSolution
		HideSolutionNode = FALSE
	EndGlobalSection
	GlobalSection(ExtensibilityGlobals) = postSolution
		SolutionGuid = {938ABC65-DA54-40CE-BA92-F41BCC6A99F8}
	EndGlobalSection
EndGlobal
